<?xml version="1.0" encoding="utf-8"?>
<Project ToolsVersion="4.0" xmlns="http://schemas.microsoft.com/developer/msbuild/2003">
  <ItemGroup>
    <Filter Include="Source Files">
      <UniqueIdentifier>{4FC737F1-C7A5-4376-A066-2A32D752A2FF}</UniqueIdentifier>
      <Extensions>cpp;c;cc;cxx;c++;cppm;ixx;def;odl;idl;hpj;bat;asm;asmx</Extensions>
    </Filter>
    <Filter Include="Header Files">
      <UniqueIdentifier>{93995380-89BD-4b04-88EB-625FBE52EBFB}</UniqueIdentifier>
      <Extensions>h;hh;hpp;hxx;h++;hm;inl;inc;ipp;xsd</Extensions>
    </Filter>
    <Filter Include="Resource Files">
      <UniqueIdentifier>{67DA6AB6-F800-4c08-8B7A-83BB121AAD01}</UniqueIdentifier>
      <Extensions>rc;ico;cur;bmp;dlg;rc2;rct;bin;rgs;gif;jpg;jpeg;jpe;resx;tiff;tif;png;wav;mfcribbon-ms</Extensions>
    </Filter>
    <Filter Include="structures">
      <UniqueIdentifier>{8b030dfd-6f61-496f-8fd8-a0a6d767235b}</UniqueIdentifier>
    </Filter>
    <Filter Include="structures\table">
      <UniqueIdentifier>{77fe6c03-c190-48c3-b95b-a1fd8a763eea}</UniqueIdentifier>
    </Filter>
    <Filter Include="structures\array">
      <UniqueIdentifier>{600fb721-6521-4954-9863-558face34a34}</UniqueIdentifier>
    </Filter>
    <Filter Include="structures\vector">
      <UniqueIdentifier>{10f564f7-b43e-4a0e-a716-3ab73a6dcf26}</UniqueIdentifier>
    </Filter>
    <Filter Include="structures\list">
      <UniqueIdentifier>{ef18ce85-2ea3-4190-8810-b4564636869f}</UniqueIdentifier>
    </Filter>
    <Filter Include="structures\table\sorting">
      <UniqueIdentifier>{d81d65b2-a2bd-4eab-8277-b8c97abb64d3}</UniqueIdentifier>
    </Filter>
    <Filter Include="Header Files\Kriteria">
      <UniqueIdentifier>{d6a1393a-4cd7-4eb7-9f62-5124a8fc78cf}</UniqueIdentifier>
    </Filter>
    <Filter Include="Header Files\Kriteria\UzemnaJednotka">
      <UniqueIdentifier>{89d53510-7b75-4249-b828-019ef0df623f}</UniqueIdentifier>
    </Filter>
    <Filter Include="Header Files\Kriteria\BytovaJednotka">
      <UniqueIdentifier>{f05ab658-4958-4bfa-b5fc-5d753eee83dd}</UniqueIdentifier>
    </Filter>
    <Filter Include="Header Files\Filtre">
      <UniqueIdentifier>{5bcbf35a-68f5-4061-ae49-da83aeaed6e1}</UniqueIdentifier>
    </Filter>
    <Filter Include="structures\tree">
      <UniqueIdentifier>{e109e421-bdbc-4446-b058-9106aef08c53}</UniqueIdentifier>
    </Filter>
  </ItemGroup>
  <ItemGroup>
    <ClCompile Include="SEMESTRALKA2.cpp">
      <Filter>Source Files</Filter>
    </ClCompile>
    <ClCompile Include="structures\vector\vector.cpp">
      <Filter>structures\vector</Filter>
    </ClCompile>
    <ClCompile Include="structures\table\sorting\sort.cpp">
      <Filter>structures\table\sorting</Filter>
    </ClCompile>
    <ClCompile Include="structures\ds_routines.cpp">
      <Filter>structures</Filter>
    </ClCompile>
    <ClCompile Include="structures\structure.cpp">
      <Filter>structures</Filter>
    </ClCompile>
  </ItemGroup>
  <ItemGroup>
    <ClInclude Include="Loader.h">
      <Filter>Header Files</Filter>
    </ClInclude>
    <ClInclude Include="Obce.h">
      <Filter>Header Files</Filter>
    </ClInclude>
    <ClInclude Include="structures\list\array_list.h">
      <Filter>structures\list</Filter>
    </ClInclude>
    <ClInclude Include="structures\list\linked_list.h">
      <Filter>structures\list</Filter>
    </ClInclude>
    <ClInclude Include="structures\list\list.h">
      <Filter>structures\list</Filter>
    </ClInclude>
    <ClInclude Include="structures\array\array.h">
      <Filter>structures\array</Filter>
    </ClInclude>
    <ClInclude Include="structures\vector\vector.h">
      <Filter>structures\vector</Filter>
    </ClInclude>
    <ClInclude Include="structures\table\sorting\bubble_sort.h">
      <Filter>structures\table\sorting</Filter>
    </ClInclude>
    <ClInclude Include="structures\table\sorting\heap_sort.h">
      <Filter>structures\table\sorting</Filter>
    </ClInclude>
    <ClInclude Include="structures\table\sorting\insert_sort.h">
      <Filter>structures\table\sorting</Filter>
    </ClInclude>
    <ClInclude Include="structures\table\sorting\merge_sort.h">
      <Filter>structures\table\sorting</Filter>
    </ClInclude>
    <ClInclude Include="structures\table\sorting\quick_sort.h">
      <Filter>structures\table\sorting</Filter>
    </ClInclude>
    <ClInclude Include="structures\table\sorting\radix_sort.h">
      <Filter>structures\table\sorting</Filter>
    </ClInclude>
    <ClInclude Include="structures\table\sorting\select_sort.h">
      <Filter>structures\table\sorting</Filter>
    </ClInclude>
    <ClInclude Include="structures\table\sorting\shell_sort.h">
      <Filter>structures\table\sorting</Filter>
    </ClInclude>
    <ClInclude Include="structures\table\sorting\shuffle.h">
      <Filter>structures\table\sorting</Filter>
    </ClInclude>
    <ClInclude Include="structures\table\sorting\sort.h">
      <Filter>structures\table\sorting</Filter>
    </ClInclude>
    <ClInclude Include="structures\table\binary_search_tree.h">
      <Filter>structures\table</Filter>
    </ClInclude>
    <ClInclude Include="structures\table\hash_table.h">
      <Filter>structures\table</Filter>
    </ClInclude>
    <ClInclude Include="structures\table\linked_table.h">
      <Filter>structures\table</Filter>
    </ClInclude>
    <ClInclude Include="structures\table\sequence_table.h">
      <Filter>structures\table</Filter>
    </ClInclude>
    <ClInclude Include="structures\table\sorted_sequence_table.h">
      <Filter>structures\table</Filter>
    </ClInclude>
    <ClInclude Include="structures\table\table.h">
      <Filter>structures\table</Filter>
    </ClInclude>
    <ClInclude Include="structures\table\treap.h">
      <Filter>structures\table</Filter>
    </ClInclude>
    <ClInclude Include="structures\table\unsorted_sequence_table.h">
      <Filter>structures\table</Filter>
    </ClInclude>
    <ClInclude Include="structures\ds_routines.h">
      <Filter>structures</Filter>
    </ClInclude>
    <ClInclude Include="structures\ds_structure_factory.h">
      <Filter>structures</Filter>
    </ClInclude>
    <ClInclude Include="structures\ds_structure_types.h">
      <Filter>structures</Filter>
    </ClInclude>
    <ClInclude Include="structures\heap_monitor.h">
      <Filter>structures</Filter>
    </ClInclude>
    <ClInclude Include="structures\structure.h">
      <Filter>structures</Filter>
    </ClInclude>
    <ClInclude Include="structures\structure_iterator.h">
      <Filter>structures</Filter>
    </ClInclude>
    <ClInclude Include="KriteriumUJPocetPreProdObyv.h">
      <Filter>Header Files\Kriteria\UzemnaJednotka</Filter>
    </ClInclude>
    <ClInclude Include="KriteriumUJNazov.h">
      <Filter>Header Files\Kriteria\UzemnaJednotka</Filter>
    </ClInclude>
    <ClInclude Include="KriteriumBJPocetIzieb.h">
      <Filter>Header Files\Kriteria\BytovaJednotka</Filter>
    </ClInclude>
    <ClInclude Include="KriteriumUJ.h">
      <Filter>Header Files\Kriteria\UzemnaJednotka</Filter>
    </ClInclude>
    <ClInclude Include="KriteriumBJ.h">
      <Filter>Header Files\Kriteria\BytovaJednotka</Filter>
    </ClInclude>
    <ClInclude Include="KriteriumBJPocet.h">
      <Filter>Header Files\Kriteria\BytovaJednotka</Filter>
    </ClInclude>
    <ClInclude Include="Kriterium.h">
      <Filter>Header Files\Kriteria</Filter>
    </ClInclude>
    <ClInclude Include="Triedenie.h">
      <Filter>Header Files</Filter>
    </ClInclude>
    <ClInclude Include="Filter.h">
      <Filter>Header Files\Filtre</Filter>
    </ClInclude>
    <ClInclude Include="FiltrePodlaIntervalu.h">
      <Filter>Header Files\Filtre</Filter>
    </ClInclude>
    <ClInclude Include="FilterPodlaHodnoty.h">
      <Filter>Header Files\Filtre</Filter>
    </ClInclude>
    <ClInclude Include="ZlozenyFilter.h">
      <Filter>Header Files\Filtre</Filter>
    </ClInclude>
    <ClInclude Include="csv.h">
      <Filter>Header Files</Filter>
    </ClInclude>
    <ClInclude Include="TypKriteria.h">
      <Filter>Header Files\Kriteria</Filter>
    </ClInclude>
    <ClInclude Include="TypUzemnejJednotky.h">
      <Filter>Header Files</Filter>
    </ClInclude>
    <ClInclude Include="UzemnaJednotka.h">
      <Filter>Header Files</Filter>
    </ClInclude>
    <ClInclude Include="UniverzalnyFilter.h">
      <Filter>Header Files\Filtre</Filter>
    </ClInclude>
    <ClInclude Include="structures\tree\binary_tree.h">
      <Filter>structures\tree</Filter>
    </ClInclude>
    <ClInclude Include="structures\tree\k_way_tree.h">
      <Filter>structures\tree</Filter>
    </ClInclude>
    <ClInclude Include="structures\tree\multi_way_tree.h">
      <Filter>structures\tree</Filter>
    </ClInclude>
    <ClInclude Include="structures\tree\tree.h">
      <Filter>structures\tree</Filter>
    </ClInclude>
    <ClInclude Include="TriediacaStrukutra.h">
      <Filter>Header Files</Filter>
    </ClInclude>
    <ClInclude Include="Constants.h">
      <Filter>Header Files</Filter>
    </ClInclude>
    <ClInclude Include="KriteriumUJTyp.h">
      <Filter>Header Files\Kriteria\UzemnaJednotka</Filter>
    </ClInclude>
    <ClInclude Include="KriteriumUJPrislusnost.h">
      <Filter>Header Files\Kriteria\UzemnaJednotka</Filter>
    </ClInclude>
    <ClInclude Include="KriteriumUJPocetObyv.h">
      <Filter>Header Files\Kriteria\UzemnaJednotka</Filter>
    </ClInclude>
    <ClInclude Include="KriteriumUJPocetPoProdObyv.h">
      <Filter>Header Files\Kriteria\UzemnaJednotka</Filter>
    </ClInclude>
    <ClInclude Include="KriteriumUJPocetProdObyv.h">
      <Filter>Header Files\Kriteria\UzemnaJednotka</Filter>
    </ClInclude>
    <ClInclude Include="KriteriumUJCelkovaVymera.h">
      <Filter>Header Files\Kriteria\UzemnaJednotka</Filter>
    </ClInclude>
    <ClInclude Include="KriteriumUJZastavanaPlocha.h">
      <Filter>Header Files\Kriteria\UzemnaJednotka</Filter>
    </ClInclude>
    <ClInclude Include="KriteriumUJZastavanost.h">
      <Filter>Header Files\Kriteria\UzemnaJednotka</Filter>
    </ClInclude>
    <ClInclude Include="KriteriumUJPocetBJ.h">
      <Filter>Header Files\Kriteria\UzemnaJednotka</Filter>
    </ClInclude>
    <ClInclude Include="KriteriumBJTyp.h">
      <Filter>Header Files\Kriteria\BytovaJednotka</Filter>
    </ClInclude>
    <ClInclude Include="KriteriumBJPocetOsob.h">
      <Filter>Header Files\Kriteria\BytovaJednotka</Filter>
    </ClInclude>
    <ClInclude Include="BytovaJednotka.h">
      <Filter>Header Files</Filter>
    </ClInclude>
    <ClInclude Include="VyberoveKriterium.h">
      <Filter>Header Files\Filtre</Filter>
    </ClInclude>
  </ItemGroup>
  <ItemGroup>
    <None Include="ClassDiagram.cd" />
  </ItemGroup>
</Project>